
Microsoft Visual Studio Solution File, Format Version 12.00
# Visual Studio Version 16
VisualStudioVersion = 16.0.29230.47
MinimumVisualStudioVersion = 10.0.40219.1
Project("{FAE04EC0-301F-11D3-BF4B-00C04F79EFBC}") = "Zork", "Zork\Zork.csproj", "{50A63D37-D417-4B7C-A566-B3E8510AEF91}"
EndProject
Global
	GlobalSection(SolutionConfigurationPlatforms) = preSolution
		Debug|Any CPU = Debug|Any CPU
		Release|Any CPU = Release|Any CPU
	EndGlobalSection
	GlobalSection(ProjectConfigurationPlatforms) = postSolution
		{50A63D37-D417-4B7C-A566-B3E8510AEF91}.Debug|Any CPU.ActiveCfg = Debug|Any CPU
		{50A63D37-D417-4B7C-A566-B3E8510AEF91}.Debug|Any CPU.Build.0 = Debug|Any CPU
		{50A63D37-D417-4B7C-A566-B3E8510AEF91}.Release|Any CPU.ActiveCfg = Release|Any CPU
		{50A63D37-D417-4B7C-A566-B3E8510AEF91}.Release|Any CPU.Build.0 = Release|Any CPU
	EndGlobalSection
	GlobalSection(SolutionProperties) = preSolution
		HideSolutionNode = FALSE
	EndGlobalSection
	GlobalSection(ExtensibilityGlobals) = postSolution
		SolutionGuid = {B2DAEAF8-0A8F-4B2F-91A0-FE3C6E0C06FF}
	EndGlobalSection
EndGlobal
